PODS:
  - R.swift (7.3.2)
  - SDWebImage (5.19.1):
    - SDWebImage/Core (= 5.19.1)
  - SDWebImage/Core (5.19.1)

DEPENDENCIES:
  - R.swift
  - SDWebImage (~> 5.0)

SPEC REPOS:
  trunk:
    - R.swift
    - SDWebImage

SPEC CHECKSUMS:
  R.swift: 0af0d882f49f03711415cb4e5215daa977d8a480
  SDWebImage: 40b0b4053e36c660a764958bff99eed16610acbb

PODFILE CHECKSUM: c88791dae7886ce83cb880a58ad93f73b9853d2b

COCOAPODS: 1.11.3
